// !$*UTF8*$!
{
	archiveVersion = 1;
	classes = {
	};
	objectVersion = 50;
	objects = {

/* Begin PBXBuildFile section */
		126D132C25D0249200FD38C2 /* LocationItem.swift in Sources */ = {isa = PBXBuildFile; fileRef = 126D132B25D0249200FD38C2 /* LocationItem.swift */; };
		126D132F25D0293800FD38C2 /* ExploreHeaderView.swift in Sources */ = {isa = PBXBuildFile; fileRef = 126D132E25D0293800FD38C2 /* ExploreHeaderView.swift */; };
		127DA08825CC88E700102F2A /* ExploreCell.swift in Sources */ = {isa = PBXBuildFile; fileRef = 127DA08725CC88E700102F2A /* ExploreCell.swift */; };
		127DA09125CC99DA00102F2A /* LocationViewController.swift in Sources */ = {isa = PBXBuildFile; fileRef = 127DA09025CC99DA00102F2A /* LocationViewController.swift */; };
		128401A825CFE063003A6432 /* RestaurantDetailViewController.swift in Sources */ = {isa = PBXBuildFile; fileRef = 128401A725CFE063003A6432 /* RestaurantDetailViewController.swift */; };
		128401BA25D018D1003A6432 /* Houston.json in Resources */ = {isa = PBXBuildFile; fileRef = 128401AC25D018D1003A6432 /* Houston.json */; };
		128401BB25D018D1003A6432 /* Chicago.json in Resources */ = {isa = PBXBuildFile; fileRef = 128401AD25D018D1003A6432 /* Chicago.json */; };
		128401BC25D018D1003A6432 /* Miami.json in Resources */ = {isa = PBXBuildFile; fileRef = 128401AE25D018D1003A6432 /* Miami.json */; };
		128401BD25D018D1003A6432 /* Las Vegas.json in Resources */ = {isa = PBXBuildFile; fileRef = 128401AF25D018D1003A6432 /* Las Vegas.json */; };
		128401BE25D018D1003A6432 /* New York.json in Resources */ = {isa = PBXBuildFile; fileRef = 128401B025D018D1003A6432 /* New York.json */; };
		128401BF25D018D1003A6432 /* San Antonio.json in Resources */ = {isa = PBXBuildFile; fileRef = 128401B125D018D1003A6432 /* San Antonio.json */; };
		128401C025D018D1003A6432 /* New Orleans.json in Resources */ = {isa = PBXBuildFile; fileRef = 128401B225D018D1003A6432 /* New Orleans.json */; };
		128401C125D018D1003A6432 /* Aspen.json in Resources */ = {isa = PBXBuildFile; fileRef = 128401B325D018D1003A6432 /* Aspen.json */; };
		128401C225D018D1003A6432 /* Los Angeles.json in Resources */ = {isa = PBXBuildFile; fileRef = 128401B425D018D1003A6432 /* Los Angeles.json */; };
		128401C325D018D1003A6432 /* Boston.json in Resources */ = {isa = PBXBuildFile; fileRef = 128401B525D018D1003A6432 /* Boston.json */; };
		128401C425D018D1003A6432 /* Philadelphia.json in Resources */ = {isa = PBXBuildFile; fileRef = 128401B625D018D1003A6432 /* Philadelphia.json */; };
		128401C525D018D1003A6432 /* Charleston.json in Resources */ = {isa = PBXBuildFile; fileRef = 128401B725D018D1003A6432 /* Charleston.json */; };
		128401C625D018D1003A6432 /* Portland.json in Resources */ = {isa = PBXBuildFile; fileRef = 128401B825D018D1003A6432 /* Portland.json */; };
		128401C725D018D1003A6432 /* San Francisco.json in Resources */ = {isa = PBXBuildFile; fileRef = 128401B925D018D1003A6432 /* San Francisco.json */; };
		128401CB25D01B29003A6432 /* RestaurantDataManager.swift in Sources */ = {isa = PBXBuildFile; fileRef = 128401CA25D01B29003A6432 /* RestaurantDataManager.swift */; };
		12A7EDA425CB3656007E6C37 /* AppDelegate.swift in Sources */ = {isa = PBXBuildFile; fileRef = 12A7EDA325CB3656007E6C37 /* AppDelegate.swift */; };
		12A7EDA625CB3656007E6C37 /* SceneDelegate.swift in Sources */ = {isa = PBXBuildFile; fileRef = 12A7EDA525CB3656007E6C37 /* SceneDelegate.swift */; };
		12A7EDAB25CB3656007E6C37 /* Main.storyboard in Resources */ = {isa = PBXBuildFile; fileRef = 12A7EDA925CB3656007E6C37 /* Main.storyboard */; };
		12A7EDB025CB3657007E6C37 /* LaunchScreen.storyboard in Resources */ = {isa = PBXBuildFile; fileRef = 12A7EDAE25CB3657007E6C37 /* LaunchScreen.storyboard */; };
		12A7EDBB25CB411B007E6C37 /* Assets.xcassets in Resources */ = {isa = PBXBuildFile; fileRef = 12A7EDBA25CB411B007E6C37 /* Assets.xcassets */; };
		12B67FD325D1D3BE00CEDA1F /* RestaurantCell.swift in Sources */ = {isa = PBXBuildFile; fileRef = 12B67FD225D1D3BE00CEDA1F /* RestaurantCell.swift */; };
		12B67FDC25D1D8CA00CEDA1F /* NoDataView.xib in Resources */ = {isa = PBXBuildFile; fileRef = 12B67FDB25D1D8CA00CEDA1F /* NoDataView.xib */; };
		12B67FDF25D1D8EE00CEDA1F /* NoDataView.swift in Sources */ = {isa = PBXBuildFile; fileRef = 12B67FDE25D1D8EE00CEDA1F /* NoDataView.swift */; };
		12D9D90F25CF1C5400A6B2D0 /* DataManager.swift in Sources */ = {isa = PBXBuildFile; fileRef = 12D9D90E25CF1C5400A6B2D0 /* DataManager.swift */; };
		12D9D91225CF216100A6B2D0 /* MapViewController.swift in Sources */ = {isa = PBXBuildFile; fileRef = 12D9D91125CF216100A6B2D0 /* MapViewController.swift */; };
		12D9D91725CF348000A6B2D0 /* RestaurantDetail.storyboard in Resources */ = {isa = PBXBuildFile; fileRef = 12D9D91625CF348000A6B2D0 /* RestaurantDetail.storyboard */; };
		12D9D91B25CF353100A6B2D0 /* ReviewForm.storyboard in Resources */ = {isa = PBXBuildFile; fileRef = 12D9D91A25CF353100A6B2D0 /* ReviewForm.storyboard */; };
		12D9D91F25CF355D00A6B2D0 /* PhotoFilter.storyboard in Resources */ = {isa = PBXBuildFile; fileRef = 12D9D91E25CF355D00A6B2D0 /* PhotoFilter.storyboard */; };
		12D9D92325CF374500A6B2D0 /* Segue.swift in Sources */ = {isa = PBXBuildFile; fileRef = 12D9D92225CF374500A6B2D0 /* Segue.swift */; };
		12DC494C25CDEDDB00258390 /* MapLocations.plist in Resources */ = {isa = PBXBuildFile; fileRef = 12DC494B25CDEDDB00258390 /* MapLocations.plist */; };
		12DC494F25CDEE8400258390 /* RestaurantItem.swift in Sources */ = {isa = PBXBuildFile; fileRef = 12DC494E25CDEE8400258390 /* RestaurantItem.swift */; };
		12DC495325CDF2E600258390 /* MapDataManager.swift in Sources */ = {isa = PBXBuildFile; fileRef = 12DC495225CDF2E600258390 /* MapDataManager.swift */; };
		54BCA2F325CBEDF9008844EA /* ExploreViewController.swift in Sources */ = {isa = PBXBuildFile; fileRef = 54BCA2F225CBEDF9008844EA /* ExploreViewController.swift */; };
		54BCA2F825CC0905008844EA /* RestaurantListViewController.swift in Sources */ = {isa = PBXBuildFile; fileRef = 54BCA2F725CC0905008844EA /* RestaurantListViewController.swift */; };
		54BCA2FF25CC4271008844EA /* ExploreData.plist in Resources */ = {isa = PBXBuildFile; fileRef = 54BCA2FE25CC4271008844EA /* ExploreData.plist */; };
		54BCA30225CC431F008844EA /* ExploreItem.swift in Sources */ = {isa = PBXBuildFile; fileRef = 54BCA30125CC431F008844EA /* ExploreItem.swift */; };
		54BCA30525CC4510008844EA /* ExploreDataManager.swift in Sources */ = {isa = PBXBuildFile; fileRef = 54BCA30425CC4510008844EA /* ExploreDataManager.swift */; };
		54BCA30E25CD2E5C008844EA /* Locations.plist in Resources */ = {isa = PBXBuildFile; fileRef = 54BCA30D25CD2E5C008844EA /* Locations.plist */; };
		54BCA31125CD3029008844EA /* LocationDataManager.swift in Sources */ = {isa = PBXBuildFile; fileRef = 54BCA31025CD3029008844EA /* LocationDataManager.swift */; };
/* End PBXBuildFile section */

/* Begin PBXFileReference section */
		126D132B25D0249200FD38C2 /* LocationItem.swift */ = {isa = PBXFileReference; lastKnownFileType = sourcecode.swift; path = LocationItem.swift; sourceTree = "<group>"; };
		126D132E25D0293800FD38C2 /* ExploreHeaderView.swift */ = {isa = PBXFileReference; lastKnownFileType = sourcecode.swift; path = ExploreHeaderView.swift; sourceTree = "<group>"; };
		127DA08725CC88E700102F2A /* ExploreCell.swift */ = {isa = PBXFileReference; lastKnownFileType = sourcecode.swift; path = ExploreCell.swift; sourceTree = "<group>"; };
		127DA08B25CC94EC00102F2A /* TableViewBasics.playground */ = {isa = PBXFileReference; lastKnownFileType = file.playground; name = TableViewBasics.playground; path = ../../TableViewBasics.playground; sourceTree = "<group>"; xcLanguageSpecificationIdentifier = xcode.lang.swift; };
		127DA09025CC99DA00102F2A /* LocationViewController.swift */ = {isa = PBXFileReference; lastKnownFileType = sourcecode.swift; path = LocationViewController.swift; sourceTree = "<group>"; };
		128401A725CFE063003A6432 /* RestaurantDetailViewController.swift */ = {isa = PBXFileReference; lastKnownFileType = sourcecode.swift; path = RestaurantDetailViewController.swift; sourceTree = "<group>"; };
		128401AC25D018D1003A6432 /* Houston.json */ = {isa = PBXFileReference; fileEncoding = 4; lastKnownFileType = text.json; path = Houston.json; sourceTree = "<group>"; };
		128401AD25D018D1003A6432 /* Chicago.json */ = {isa = PBXFileReference; fileEncoding = 4; lastKnownFileType = text.json; path = Chicago.json; sourceTree = "<group>"; };
		128401AE25D018D1003A6432 /* Miami.json */ = {isa = PBXFileReference; fileEncoding = 4; lastKnownFileType = text.json; path = Miami.json; sourceTree = "<group>"; };
		128401AF25D018D1003A6432 /* Las Vegas.json */ = {isa = PBXFileReference; fileEncoding = 4; lastKnownFileType = text.json; path = "Las Vegas.json"; sourceTree = "<group>"; };
		128401B025D018D1003A6432 /* New York.json */ = {isa = PBXFileReference; fileEncoding = 4; lastKnownFileType = text.json; path = "New York.json"; sourceTree = "<group>"; };
		128401B125D018D1003A6432 /* San Antonio.json */ = {isa = PBXFileReference; fileEncoding = 4; lastKnownFileType = text.json; path = "San Antonio.json"; sourceTree = "<group>"; };
		128401B225D018D1003A6432 /* New Orleans.json */ = {isa = PBXFileReference; fileEncoding = 4; lastKnownFileType = text.json; path = "New Orleans.json"; sourceTree = "<group>"; };
		128401B325D018D1003A6432 /* Aspen.json */ = {isa = PBXFileReference; fileEncoding = 4; lastKnownFileType = text.json; path = Aspen.json; sourceTree = "<group>"; };
		128401B425D018D1003A6432 /* Los Angeles.json */ = {isa = PBXFileReference; fileEncoding = 4; lastKnownFileType = text.json; path = "Los Angeles.json"; sourceTree = "<group>"; };
		128401B525D018D1003A6432 /* Boston.json */ = {isa = PBXFileReference; fileEncoding = 4; lastKnownFileType = text.json; path = Boston.json; sourceTree = "<group>"; };
		128401B625D018D1003A6432 /* Philadelphia.json */ = {isa = PBXFileReference; fileEncoding = 4; lastKnownFileType = text.json; path = Philadelphia.json; sourceTree = "<group>"; };
		128401B725D018D1003A6432 /* Charleston.json */ = {isa = PBXFileReference; fileEncoding = 4; lastKnownFileType = text.json; path = Charleston.json; sourceTree = "<group>"; };
		128401B825D018D1003A6432 /* Portland.json */ = {isa = PBXFileReference; fileEncoding = 4; lastKnownFileType = text.json; path = Portland.json; sourceTree = "<group>"; };
		128401B925D018D1003A6432 /* San Francisco.json */ = {isa = PBXFileReference; fileEncoding = 4; lastKnownFileType = text.json; path = "San Francisco.json"; sourceTree = "<group>"; };
		128401CA25D01B29003A6432 /* RestaurantDataManager.swift */ = {isa = PBXFileReference; lastKnownFileType = sourcecode.swift; path = RestaurantDataManager.swift; sourceTree = "<group>"; };
		12A7EDA025CB3656007E6C37 /* LetsEat.app */ = {isa = PBXFileReference; explicitFileType = wrapper.application; includeInIndex = 0; path = LetsEat.app; sourceTree = BUILT_PRODUCTS_DIR; };
		12A7EDA325CB3656007E6C37 /* AppDelegate.swift */ = {isa = PBXFileReference; lastKnownFileType = sourcecode.swift; path = AppDelegate.swift; sourceTree = "<group>"; };
		12A7EDA525CB3656007E6C37 /* SceneDelegate.swift */ = {isa = PBXFileReference; lastKnownFileType = sourcecode.swift; path = SceneDelegate.swift; sourceTree = "<group>"; };
		12A7EDAA25CB3656007E6C37 /* Base */ = {isa = PBXFileReference; lastKnownFileType = file.storyboard; name = Base; path = Base.lproj/Main.storyboard; sourceTree = "<group>"; };
		12A7EDAF25CB3657007E6C37 /* Base */ = {isa = PBXFileReference; lastKnownFileType = file.storyboard; name = Base; path = Base.lproj/LaunchScreen.storyboard; sourceTree = "<group>"; };
		12A7EDB125CB3657007E6C37 /* Info.plist */ = {isa = PBXFileReference; lastKnownFileType = text.plist.xml; path = Info.plist; sourceTree = "<group>"; };
		12A7EDBA25CB411B007E6C37 /* Assets.xcassets */ = {isa = PBXFileReference; lastKnownFileType = folder.assetcatalog; path = Assets.xcassets; sourceTree = "<group>"; };
		12B67FD225D1D3BE00CEDA1F /* RestaurantCell.swift */ = {isa = PBXFileReference; lastKnownFileType = sourcecode.swift; path = RestaurantCell.swift; sourceTree = "<group>"; };
		12B67FDB25D1D8CA00CEDA1F /* NoDataView.xib */ = {isa = PBXFileReference; lastKnownFileType = file.xib; path = NoDataView.xib; sourceTree = "<group>"; };
		12B67FDE25D1D8EE00CEDA1F /* NoDataView.swift */ = {isa = PBXFileReference; lastKnownFileType = sourcecode.swift; path = NoDataView.swift; sourceTree = "<group>"; };
		12D9D90E25CF1C5400A6B2D0 /* DataManager.swift */ = {isa = PBXFileReference; lastKnownFileType = sourcecode.swift; path = DataManager.swift; sourceTree = "<group>"; };
		12D9D91125CF216100A6B2D0 /* MapViewController.swift */ = {isa = PBXFileReference; lastKnownFileType = sourcecode.swift; path = MapViewController.swift; sourceTree = "<group>"; };
		12D9D91625CF348000A6B2D0 /* RestaurantDetail.storyboard */ = {isa = PBXFileReference; fileEncoding = 4; lastKnownFileType = file.storyboard; path = RestaurantDetail.storyboard; sourceTree = "<group>"; };
		12D9D91A25CF353100A6B2D0 /* ReviewForm.storyboard */ = {isa = PBXFileReference; fileEncoding = 4; lastKnownFileType = file.storyboard; path = ReviewForm.storyboard; sourceTree = "<group>"; };
		12D9D91E25CF355D00A6B2D0 /* PhotoFilter.storyboard */ = {isa = PBXFileReference; fileEncoding = 4; lastKnownFileType = file.storyboard; path = PhotoFilter.storyboard; sourceTree = "<group>"; };
		12D9D92225CF374500A6B2D0 /* Segue.swift */ = {isa = PBXFileReference; lastKnownFileType = sourcecode.swift; path = Segue.swift; sourceTree = "<group>"; };
		12DC494B25CDEDDB00258390 /* MapLocations.plist */ = {isa = PBXFileReference; fileEncoding = 4; lastKnownFileType = text.plist.xml; path = MapLocations.plist; sourceTree = "<group>"; };
		12DC494E25CDEE8400258390 /* RestaurantItem.swift */ = {isa = PBXFileReference; lastKnownFileType = sourcecode.swift; path = RestaurantItem.swift; sourceTree = "<group>"; };
		12DC495225CDF2E600258390 /* MapDataManager.swift */ = {isa = PBXFileReference; lastKnownFileType = sourcecode.swift; path = MapDataManager.swift; sourceTree = "<group>"; };
		54BCA2F225CBEDF9008844EA /* ExploreViewController.swift */ = {isa = PBXFileReference; lastKnownFileType = sourcecode.swift; path = ExploreViewController.swift; sourceTree = "<group>"; };
		54BCA2F725CC0905008844EA /* RestaurantListViewController.swift */ = {isa = PBXFileReference; lastKnownFileType = sourcecode.swift; path = RestaurantListViewController.swift; sourceTree = "<group>"; };
		54BCA2FB25CC349F008844EA /* CollectionViewBasics.playground */ = {isa = PBXFileReference; lastKnownFileType = file.playground; name = CollectionViewBasics.playground; path = ../../CollectionViewBasics.playground; sourceTree = "<group>"; xcLanguageSpecificationIdentifier = xcode.lang.swift; };
		54BCA2FE25CC4271008844EA /* ExploreData.plist */ = {isa = PBXFileReference; fileEncoding = 4; lastKnownFileType = text.plist.xml; path = ExploreData.plist; sourceTree = "<group>"; };
		54BCA30125CC431F008844EA /* ExploreItem.swift */ = {isa = PBXFileReference; lastKnownFileType = sourcecode.swift; path = ExploreItem.swift; sourceTree = "<group>"; };
		54BCA30425CC4510008844EA /* ExploreDataManager.swift */ = {isa = PBXFileReference; lastKnownFileType = sourcecode.swift; path = ExploreDataManager.swift; sourceTree = "<group>"; };
		54BCA30D25CD2E5C008844EA /* Locations.plist */ = {isa = PBXFileReference; lastKnownFileType = text.plist; name = Locations.plist; path = LetsEat/Explore/View/Locations.plist; sourceTree = SOURCE_ROOT; };
		54BCA31025CD3029008844EA /* LocationDataManager.swift */ = {isa = PBXFileReference; lastKnownFileType = sourcecode.swift; name = LocationDataManager.swift; path = LetsEat/Explore/View/LocationDataManager.swift; sourceTree = SOURCE_ROOT; };
/* End PBXFileReference section */

/* Begin PBXFrameworksBuildPhase section */
		12A7ED9D25CB3656007E6C37 /* Frameworks */ = {
			isa = PBXFrameworksBuildPhase;
			buildActionMask = 2147483647;
			files = (
			);
			runOnlyForDeploymentPostprocessing = 0;
		};
/* End PBXFrameworksBuildPhase section */

/* Begin PBXGroup section */
		127DA08D25CC995A00102F2A /* Location */ = {
			isa = PBXGroup;
			children = (
				127DA08F25CC998D00102F2A /* Model */,
				127DA08E25CC997400102F2A /* View */,
				127DA09025CC99DA00102F2A /* LocationViewController.swift */,
			);
			path = Location;
			sourceTree = "<group>";
		};
		127DA08E25CC997400102F2A /* View */ = {
			isa = PBXGroup;
			children = (
			);
			path = View;
			sourceTree = "<group>";
		};
		127DA08F25CC998D00102F2A /* Model */ = {
			isa = PBXGroup;
			children = (
				54BCA30D25CD2E5C008844EA /* Locations.plist */,
				54BCA31025CD3029008844EA /* LocationDataManager.swift */,
				126D132B25D0249200FD38C2 /* LocationItem.swift */,
			);
			path = Model;
			sourceTree = "<group>";
		};
		128401AB25D01852003A6432 /* JSON */ = {
			isa = PBXGroup;
			children = (
				128401B325D018D1003A6432 /* Aspen.json */,
				128401B525D018D1003A6432 /* Boston.json */,
				128401B725D018D1003A6432 /* Charleston.json */,
				128401AD25D018D1003A6432 /* Chicago.json */,
				128401AC25D018D1003A6432 /* Houston.json */,
				128401AF25D018D1003A6432 /* Las Vegas.json */,
				128401B425D018D1003A6432 /* Los Angeles.json */,
				128401AE25D018D1003A6432 /* Miami.json */,
				128401B225D018D1003A6432 /* New Orleans.json */,
				128401B025D018D1003A6432 /* New York.json */,
				128401B625D018D1003A6432 /* Philadelphia.json */,
				128401B825D018D1003A6432 /* Portland.json */,
				128401B125D018D1003A6432 /* San Antonio.json */,
				128401B925D018D1003A6432 /* San Francisco.json */,
			);
			path = JSON;
			sourceTree = "<group>";
		};
		128401C925D01B04003A6432 /* Model */ = {
			isa = PBXGroup;
			children = (
				128401CA25D01B29003A6432 /* RestaurantDataManager.swift */,
			);
			path = Model;
			sourceTree = "<group>";
		};
		12A7ED9725CB3656007E6C37 = {
			isa = PBXGroup;
			children = (
				12A7EDA225CB3656007E6C37 /* LetsEat */,
				12A7EDA125CB3656007E6C37 /* Products */,
			);
			sourceTree = "<group>";
		};
		12A7EDA125CB3656007E6C37 /* Products */ = {
			isa = PBXGroup;
			children = (
				12A7EDA025CB3656007E6C37 /* LetsEat.app */,
			);
			name = Products;
			sourceTree = "<group>";
		};
		12A7EDA225CB3656007E6C37 /* LetsEat */ = {
			isa = PBXGroup;
			children = (
				12D9D91D25CF354200A6B2D0 /* PhotoFilter */,
				12D9D91925CF34AA00A6B2D0 /* ReviewForm */,
				12D9D91525CF344F00A6B2D0 /* RestaurantDetail */,
				12D9D90D25CF1C0700A6B2D0 /* Misc */,
				12DC494925CDED1600258390 /* Map */,
				127DA08D25CC995A00102F2A /* Location */,
				127DA08B25CC94EC00102F2A /* TableViewBasics.playground */,
				54BCA2FB25CC349F008844EA /* CollectionViewBasics.playground */,
				54BCA2F625CC08DA008844EA /* Restaurants */,
				54BCA2F125CBED8A008844EA /* Explore */,
				12A7EDA325CB3656007E6C37 /* AppDelegate.swift */,
				12A7EDA525CB3656007E6C37 /* SceneDelegate.swift */,
				12A7EDA925CB3656007E6C37 /* Main.storyboard */,
				12A7EDBA25CB411B007E6C37 /* Assets.xcassets */,
				12A7EDAE25CB3657007E6C37 /* LaunchScreen.storyboard */,
				12A7EDB125CB3657007E6C37 /* Info.plist */,
				12B67FDB25D1D8CA00CEDA1F /* NoDataView.xib */,
			);
			path = LetsEat;
			sourceTree = "<group>";
		};
		12B67FD125D1D37E00CEDA1F /* View */ = {
			isa = PBXGroup;
			children = (
				12B67FD225D1D3BE00CEDA1F /* RestaurantCell.swift */,
			);
			path = View;
			sourceTree = "<group>";
		};
		12B67FD625D1D5E800CEDA1F /* NoData */ = {
			isa = PBXGroup;
			children = (
				12B67FDE25D1D8EE00CEDA1F /* NoDataView.swift */,
			);
			path = NoData;
			sourceTree = "<group>";
		};
		12D9D90D25CF1C0700A6B2D0 /* Misc */ = {
			isa = PBXGroup;
			children = (
				12B67FD625D1D5E800CEDA1F /* NoData */,
				128401AB25D01852003A6432 /* JSON */,
				12D9D90E25CF1C5400A6B2D0 /* DataManager.swift */,
				12D9D92225CF374500A6B2D0 /* Segue.swift */,
			);
			path = Misc;
			sourceTree = "<group>";
		};
		12D9D91525CF344F00A6B2D0 /* RestaurantDetail */ = {
			isa = PBXGroup;
			children = (
				12D9D91625CF348000A6B2D0 /* RestaurantDetail.storyboard */,
				128401A725CFE063003A6432 /* RestaurantDetailViewController.swift */,
			);
			path = RestaurantDetail;
			sourceTree = "<group>";
		};
		12D9D91925CF34AA00A6B2D0 /* ReviewForm */ = {
			isa = PBXGroup;
			children = (
				12D9D91A25CF353100A6B2D0 /* ReviewForm.storyboard */,
			);
			path = ReviewForm;
			sourceTree = "<group>";
		};
		12D9D91D25CF354200A6B2D0 /* PhotoFilter */ = {
			isa = PBXGroup;
			children = (
				12D9D91E25CF355D00A6B2D0 /* PhotoFilter.storyboard */,
			);
			path = PhotoFilter;
			sourceTree = "<group>";
		};
		12DC494925CDED1600258390 /* Map */ = {
			isa = PBXGroup;
			children = (
				12DC494A25CDED3700258390 /* Model */,
				12D9D91125CF216100A6B2D0 /* MapViewController.swift */,
			);
			path = Map;
			sourceTree = "<group>";
		};
		12DC494A25CDED3700258390 /* Model */ = {
			isa = PBXGroup;
			children = (
				12DC494B25CDEDDB00258390 /* MapLocations.plist */,
				12DC494E25CDEE8400258390 /* RestaurantItem.swift */,
				12DC495225CDF2E600258390 /* MapDataManager.swift */,
			);
			path = Model;
			sourceTree = "<group>";
		};
		54BCA2F125CBED8A008844EA /* Explore */ = {
			isa = PBXGroup;
			children = (
				54BCA30725CC498E008844EA /* View */,
				54BCA2FD25CC423F008844EA /* Model */,
				54BCA2F225CBEDF9008844EA /* ExploreViewController.swift */,
			);
			path = Explore;
			sourceTree = "<group>";
		};
		54BCA2F625CC08DA008844EA /* Restaurants */ = {
			isa = PBXGroup;
			children = (
				12B67FD125D1D37E00CEDA1F /* View */,
				128401C925D01B04003A6432 /* Model */,
				54BCA2F725CC0905008844EA /* RestaurantListViewController.swift */,
			);
			path = Restaurants;
			sourceTree = "<group>";
		};
		54BCA2FD25CC423F008844EA /* Model */ = {
			isa = PBXGroup;
			children = (
				54BCA2FE25CC4271008844EA /* ExploreData.plist */,
				54BCA30125CC431F008844EA /* ExploreItem.swift */,
				54BCA30425CC4510008844EA /* ExploreDataManager.swift */,
			);
			path = Model;
			sourceTree = "<group>";
		};
		54BCA30725CC498E008844EA /* View */ = {
			isa = PBXGroup;
			children = (
				127DA08725CC88E700102F2A /* ExploreCell.swift */,
				126D132E25D0293800FD38C2 /* ExploreHeaderView.swift */,
			);
			path = View;
			sourceTree = "<group>";
		};
/* End PBXGroup section */

/* Begin PBXNativeTarget section */
		12A7ED9F25CB3656007E6C37 /* LetsEat */ = {
			isa = PBXNativeTarget;
			buildConfigurationList = 12A7EDB425CB3657007E6C37 /* Build configuration list for PBXNativeTarget "LetsEat" */;
			buildPhases = (
				12A7ED9C25CB3656007E6C37 /* Sources */,
				12A7ED9D25CB3656007E6C37 /* Frameworks */,
				12A7ED9E25CB3656007E6C37 /* Resources */,
			);
			buildRules = (
			);
			dependencies = (
			);
			name = LetsEat;
			productName = LetsEat;
			productReference = 12A7EDA025CB3656007E6C37 /* LetsEat.app */;
			productType = "com.apple.product-type.application";
		};
/* End PBXNativeTarget section */

/* Begin PBXProject section */
		12A7ED9825CB3656007E6C37 /* Project object */ = {
			isa = PBXProject;
			attributes = {
				LastSwiftUpdateCheck = 1240;
				LastUpgradeCheck = 1240;
				TargetAttributes = {
					12A7ED9F25CB3656007E6C37 = {
						CreatedOnToolsVersion = 12.4;
					};
				};
			};
			buildConfigurationList = 12A7ED9B25CB3656007E6C37 /* Build configuration list for PBXProject "LetsEat" */;
			compatibilityVersion = "Xcode 9.3";
			developmentRegion = en;
			hasScannedForEncodings = 0;
			knownRegions = (
				en,
				Base,
			);
			mainGroup = 12A7ED9725CB3656007E6C37;
			productRefGroup = 12A7EDA125CB3656007E6C37 /* Products */;
			projectDirPath = "";
			projectRoot = "";
			targets = (
				12A7ED9F25CB3656007E6C37 /* LetsEat */,
			);
		};
/* End PBXProject section */

/* Begin PBXResourcesBuildPhase section */
		12A7ED9E25CB3656007E6C37 /* Resources */ = {
			isa = PBXResourcesBuildPhase;
			buildActionMask = 2147483647;
			files = (
				54BCA2FF25CC4271008844EA /* ExploreData.plist in Resources */,
				12A7EDB025CB3657007E6C37 /* LaunchScreen.storyboard in Resources */,
				128401BD25D018D1003A6432 /* Las Vegas.json in Resources */,
				128401C225D018D1003A6432 /* Los Angeles.json in Resources */,
				12D9D91F25CF355D00A6B2D0 /* PhotoFilter.storyboard in Resources */,
				12D9D91B25CF353100A6B2D0 /* ReviewForm.storyboard in Resources */,
				128401BA25D018D1003A6432 /* Houston.json in Resources */,
				128401C025D018D1003A6432 /* New Orleans.json in Resources */,
				128401C325D018D1003A6432 /* Boston.json in Resources */,
				12B67FDC25D1D8CA00CEDA1F /* NoDataView.xib in Resources */,
				128401C125D018D1003A6432 /* Aspen.json in Resources */,
				128401BE25D018D1003A6432 /* New York.json in Resources */,
				128401C625D018D1003A6432 /* Portland.json in Resources */,
				128401BF25D018D1003A6432 /* San Antonio.json in Resources */,
				128401C525D018D1003A6432 /* Charleston.json in Resources */,
				12A7EDBB25CB411B007E6C37 /* Assets.xcassets in Resources */,
				54BCA30E25CD2E5C008844EA /* Locations.plist in Resources */,
				128401C425D018D1003A6432 /* Philadelphia.json in Resources */,
				128401BC25D018D1003A6432 /* Miami.json in Resources */,
				12D9D91725CF348000A6B2D0 /* RestaurantDetail.storyboard in Resources */,
				12DC494C25CDEDDB00258390 /* MapLocations.plist in Resources */,
				128401C725D018D1003A6432 /* San Francisco.json in Resources */,
				128401BB25D018D1003A6432 /* Chicago.json in Resources */,
				12A7EDAB25CB3656007E6C37 /* Main.storyboard in Resources */,
			);
			runOnlyForDeploymentPostprocessing = 0;
		};
/* End PBXResourcesBuildPhase section */

/* Begin PBXSourcesBuildPhase section */
		12A7ED9C25CB3656007E6C37 /* Sources */ = {
			isa = PBXSourcesBuildPhase;
			buildActionMask = 2147483647;
			files = (
				126D132C25D0249200FD38C2 /* LocationItem.swift in Sources */,
				126D132F25D0293800FD38C2 /* ExploreHeaderView.swift in Sources */,
				54BCA30225CC431F008844EA /* ExploreItem.swift in Sources */,
				12D9D90F25CF1C5400A6B2D0 /* DataManager.swift in Sources */,
				12DC495325CDF2E600258390 /* MapDataManager.swift in Sources */,
				12B67FDF25D1D8EE00CEDA1F /* NoDataView.swift in Sources */,
				127DA08825CC88E700102F2A /* ExploreCell.swift in Sources */,
				128401CB25D01B29003A6432 /* RestaurantDataManager.swift in Sources */,
				12A7EDA425CB3656007E6C37 /* AppDelegate.swift in Sources */,
				12D9D92325CF374500A6B2D0 /* Segue.swift in Sources */,
				12B67FD325D1D3BE00CEDA1F /* RestaurantCell.swift in Sources */,
				54BCA2F825CC0905008844EA /* RestaurantListViewController.swift in Sources */,
				12D9D91225CF216100A6B2D0 /* MapViewController.swift in Sources */,
				12A7EDA625CB3656007E6C37 /* SceneDelegate.swift in Sources */,
				54BCA2F325CBEDF9008844EA /* ExploreViewController.swift in Sources */,
				54BCA30525CC4510008844EA /* ExploreDataManager.swift in Sources */,
				12DC494F25CDEE8400258390 /* RestaurantItem.swift in Sources */,
				54BCA31125CD3029008844EA /* LocationDataManager.swift in Sources */,
				127DA09125CC99DA00102F2A /* LocationViewController.swift in Sources */,
				128401A825CFE063003A6432 /* RestaurantDetailViewController.swift in Sources */,
			);
			runOnlyForDeploymentPostprocessing = 0;
		};
/* End PBXSourcesBuildPhase section */

/* Begin PBXVariantGroup section */
		12A7EDA925CB3656007E6C37 /* Main.storyboard */ = {
			isa = PBXVariantGroup;
			children = (
				12A7EDAA25CB3656007E6C37 /* Base */,
			);
			name = Main.storyboard;
			sourceTree = "<group>";
		};
		12A7EDAE25CB3657007E6C37 /* LaunchScreen.storyboard */ = {
			isa = PBXVariantGroup;
			children = (
				12A7EDAF25CB3657007E6C37 /* Base */,
			);
			name = LaunchScreen.storyboard;
			sourceTree = "<group>";
		};
/* End PBXVariantGroup section */

/* Begin XCBuildConfiguration section */
		12A7EDB225CB3657007E6C37 /* Debug */ = {
			isa = XCBuildConfiguration;
			buildSettings = {
				ALWAYS_SEARCH_USER_PATHS = NO;
				CLANG_ANALYZER_NONNULL = YES;
				CLANG_ANALYZER_NUMBER_OBJECT_CONVERSION = YES_AGGRESSIVE;
				CLANG_CXX_LANGUAGE_STANDARD = "gnu++14";
				CLANG_CXX_LIBRARY = "libc++";
				CLANG_ENABLE_MODULES = YES;
				CLANG_ENABLE_OBJC_ARC = YES;
				CLANG_ENABLE_OBJC_WEAK = YES;
				CLANG_WARN_BLOCK_CAPTURE_AUTORELEASING = YES;
				CLANG_WARN_BOOL_CONVERSION = YES;
				CLANG_WARN_COMMA = YES;
				CLANG_WARN_CONSTANT_CONVERSION = YES;
				CLANG_WARN_DEPRECATED_OBJC_IMPLEMENTATIONS = YES;
				CLANG_WARN_DIRECT_OBJC_ISA_USAGE = YES_ERROR;
				CLANG_WARN_DOCUMENTATION_COMMENTS = YES;
				CLANG_WARN_EMPTY_BODY = YES;
				CLANG_WARN_ENUM_CONVERSION = YES;
				CLANG_WARN_INFINITE_RECURSION = YES;
				CLANG_WARN_INT_CONVERSION = YES;
				CLANG_WARN_NON_LITERAL_NULL_CONVERSION = YES;
				CLANG_WARN_OBJC_IMPLICIT_RETAIN_SELF = YES;
				CLANG_WARN_OBJC_LITERAL_CONVERSION = YES;
				CLANG_WARN_OBJC_ROOT_CLASS = YES_ERROR;
				CLANG_WARN_QUOTED_INCLUDE_IN_FRAMEWORK_HEADER = YES;
				CLANG_WARN_RANGE_LOOP_ANALYSIS = YES;
				CLANG_WARN_STRICT_PROTOTYPES = YES;
				CLANG_WARN_SUSPICIOUS_MOVE = YES;
				CLANG_WARN_UNGUARDED_AVAILABILITY = YES_AGGRESSIVE;
				CLANG_WARN_UNREACHABLE_CODE = YES;
				CLANG_WARN__DUPLICATE_METHOD_MATCH = YES;
				COPY_PHASE_STRIP = NO;
				DEBUG_INFORMATION_FORMAT = dwarf;
				ENABLE_STRICT_OBJC_MSGSEND = YES;
				ENABLE_TESTABILITY = YES;
				GCC_C_LANGUAGE_STANDARD = gnu11;
				GCC_DYNAMIC_NO_PIC = NO;
				GCC_NO_COMMON_BLOCKS = YES;
				GCC_OPTIMIZATION_LEVEL = 0;
				GCC_PREPROCESSOR_DEFINITIONS = (
					"DEBUG=1",
					"$(inherited)",
				);
				GCC_WARN_64_TO_32_BIT_CONVERSION = YES;
				GCC_WARN_ABOUT_RETURN_TYPE = YES_ERROR;
				GCC_WARN_UNDECLARED_SELECTOR = YES;
				GCC_WARN_UNINITIALIZED_AUTOS = YES_AGGRESSIVE;
				GCC_WARN_UNUSED_FUNCTION = YES;
				GCC_WARN_UNUSED_VARIABLE = YES;
				IPHONEOS_DEPLOYMENT_TARGET = 13.5;
				MTL_ENABLE_DEBUG_INFO = INCLUDE_SOURCE;
				MTL_FAST_MATH = YES;
				ONLY_ACTIVE_ARCH = YES;
				SDKROOT = iphoneos;
				SWIFT_ACTIVE_COMPILATION_CONDITIONS = DEBUG;
				SWIFT_OPTIMIZATION_LEVEL = "-Onone";
			};
			name = Debug;
		};
		12A7EDB325CB3657007E6C37 /* Release */ = {
			isa = XCBuildConfiguration;
			buildSettings = {
				ALWAYS_SEARCH_USER_PATHS = NO;
				CLANG_ANALYZER_NONNULL = YES;
				CLANG_ANALYZER_NUMBER_OBJECT_CONVERSION = YES_AGGRESSIVE;
				CLANG_CXX_LANGUAGE_STANDARD = "gnu++14";
				CLANG_CXX_LIBRARY = "libc++";
				CLANG_ENABLE_MODULES = YES;
				CLANG_ENABLE_OBJC_ARC = YES;
				CLANG_ENABLE_OBJC_WEAK = YES;
				CLANG_WARN_BLOCK_CAPTURE_AUTORELEASING = YES;
				CLANG_WARN_BOOL_CONVERSION = YES;
				CLANG_WARN_COMMA = YES;
				CLANG_WARN_CONSTANT_CONVERSION = YES;
				CLANG_WARN_DEPRECATED_OBJC_IMPLEMENTATIONS = YES;
				CLANG_WARN_DIRECT_OBJC_ISA_USAGE = YES_ERROR;
				CLANG_WARN_DOCUMENTATION_COMMENTS = YES;
				CLANG_WARN_EMPTY_BODY = YES;
				CLANG_WARN_ENUM_CONVERSION = YES;
				CLANG_WARN_INFINITE_RECURSION = YES;
				CLANG_WARN_INT_CONVERSION = YES;
				CLANG_WARN_NON_LITERAL_NULL_CONVERSION = YES;
				CLANG_WARN_OBJC_IMPLICIT_RETAIN_SELF = YES;
				CLANG_WARN_OBJC_LITERAL_CONVERSION = YES;
				CLANG_WARN_OBJC_ROOT_CLASS = YES_ERROR;
				CLANG_WARN_QUOTED_INCLUDE_IN_FRAMEWORK_HEADER = YES;
				CLANG_WARN_RANGE_LOOP_ANALYSIS = YES;
				CLANG_WARN_STRICT_PROTOTYPES = YES;
				CLANG_WARN_SUSPICIOUS_MOVE = YES;
				CLANG_WARN_UNGUARDED_AVAILABILITY = YES_AGGRESSIVE;
				CLANG_WARN_UNREACHABLE_CODE = YES;
				CLANG_WARN__DUPLICATE_METHOD_MATCH = YES;
				COPY_PHASE_STRIP = NO;
				DEBUG_INFORMATION_FORMAT = "dwarf-with-dsym";
				ENABLE_NS_ASSERTIONS = NO;
				ENABLE_STRICT_OBJC_MSGSEND = YES;
				GCC_C_LANGUAGE_STANDARD = gnu11;
				GCC_NO_COMMON_BLOCKS = YES;
				GCC_WARN_64_TO_32_BIT_CONVERSION = YES;
				GCC_WARN_ABOUT_RETURN_TYPE = YES_ERROR;
				GCC_WARN_UNDECLARED_SELECTOR = YES;
				GCC_WARN_UNINITIALIZED_AUTOS = YES_AGGRESSIVE;
				GCC_WARN_UNUSED_FUNCTION = YES;
				GCC_WARN_UNUSED_VARIABLE = YES;
				IPHONEOS_DEPLOYMENT_TARGET = 13.5;
				MTL_ENABLE_DEBUG_INFO = NO;
				MTL_FAST_MATH = YES;
				SDKROOT = iphoneos;
				SWIFT_COMPILATION_MODE = wholemodule;
				SWIFT_OPTIMIZATION_LEVEL = "-O";
				VALIDATE_PRODUCT = YES;
			};
			name = Release;
		};
		12A7EDB525CB3657007E6C37 /* Debug */ = {
			isa = XCBuildConfiguration;
			buildSettings = {
				ASSETCATALOG_COMPILER_APPICON_NAME = AppIcon;
				ASSETCATALOG_COMPILER_GLOBAL_ACCENT_COLOR_NAME = AccentColor;
				CODE_SIGN_STYLE = Automatic;
				DEVELOPMENT_TEAM = VYPDRNY966;
				INFOPLIST_FILE = LetsEat/Info.plist;
				LD_RUNPATH_SEARCH_PATHS = (
					"$(inherited)",
					"@executable_path/Frameworks",
				);
				PRODUCT_BUNDLE_IDENTIFIER = com.nguyensminature.LetsEat;
				PRODUCT_NAME = "$(TARGET_NAME)";
				SWIFT_VERSION = 5.0;
				TARGETED_DEVICE_FAMILY = "1,2";
			};
			name = Debug;
		};
		12A7EDB625CB3657007E6C37 /* Release */ = {
			isa = XCBuildConfiguration;
			buildSettings = {
				ASSETCATALOG_COMPILER_APPICON_NAME = AppIcon;
				ASSETCATALOG_COMPILER_GLOBAL_ACCENT_COLOR_NAME = AccentColor;
				CODE_SIGN_STYLE = Automatic;
				DEVELOPMENT_TEAM = VYPDRNY966;
				INFOPLIST_FILE = LetsEat/Info.plist;
				LD_RUNPATH_SEARCH_PATHS = (
					"$(inherited)",
					"@executable_path/Frameworks",
				);
				PRODUCT_BUNDLE_IDENTIFIER = com.nguyensminature.LetsEat;
				PRODUCT_NAME = "$(TARGET_NAME)";
				SWIFT_VERSION = 5.0;
				TARGETED_DEVICE_FAMILY = "1,2";
			};
			name = Release;
		};
/* End XCBuildConfiguration section */

/* Begin XCConfigurationList section */
		12A7ED9B25CB3656007E6C37 /* Build configuration list for PBXProject "LetsEat" */ = {
			isa = XCConfigurationList;
			buildConfigurations = (
				12A7EDB225CB3657007E6C37 /* Debug */,
				12A7EDB325CB3657007E6C37 /* Release */,
			);
			defaultConfigurationIsVisible = 0;
			defaultConfigurationName = Release;
		};
		12A7EDB425CB3657007E6C37 /* Build configuration list for PBXNativeTarget "LetsEat" */ = {
			isa = XCConfigurationList;
			buildConfigurations = (
				12A7EDB525CB3657007E6C37 /* Debug */,
				12A7EDB625CB3657007E6C37 /* Release */,
			);
			defaultConfigurationIsVisible = 0;
			defaultConfigurationName = Release;
		};
/* End XCConfigurationList section */
	};
	rootObject = 12A7ED9825CB3656007E6C37 /* Project object */;
}
